
Microsoft Visual Studio Solution File, Format Version 12.00
# Visual Studio Version 17
VisualStudioVersion = 17.6.33723.286
MinimumVisualStudioVersion = 10.0.40219.1
Project("{9A19103F-16F7-4668-BE54-9A1E7A4F7556}") = "Fundamentals", "Fundamentals\Fundamentals.csproj", "{255A10A8-266E-45E1-B75F-1E9FB19F306A}"
EndProject
Project("{9A19103F-16F7-4668-BE54-9A1E7A4F7556}") = "Tests", "Tests\Tests.csproj", "{E2E8BB7E-5950-4A6C-890D-2A1A9891DE4A}"
EndProject
Project("{2150E333-8FDC-42A3-9474-1A3956D46DE8}") = "Solution Items", "Solution Items", "{5CE502A0-1AC6-49DA-8D40-B743B6154D9F}"
	ProjectSection(SolutionItems) = preProject
		.editorconfig = .editorconfig
	EndProjectSection
EndProject
Global
	GlobalSection(SolutionConfigurationPlatforms) = preSolution
		Debug|Any CPU = Debug|Any CPU
		Release|Any CPU = Release|Any CPU
	EndGlobalSection
	GlobalSection(ProjectConfigurationPlatforms) = postSolution
		{255A10A8-266E-45E1-B75F-1E9FB19F306A}.Debug|Any CPU.ActiveCfg = Debug|Any CPU
		{255A10A8-266E-45E1-B75F-1E9FB19F306A}.Debug|Any CPU.Build.0 = Debug|Any CPU
		{255A10A8-266E-45E1-B75F-1E9FB19F306A}.Release|Any CPU.ActiveCfg = Release|Any CPU
		{255A10A8-266E-45E1-B75F-1E9FB19F306A}.Release|Any CPU.Build.0 = Release|Any CPU
		{E2E8BB7E-5950-4A6C-890D-2A1A9891DE4A}.Debug|Any CPU.ActiveCfg = Debug|Any CPU
		{E2E8BB7E-5950-4A6C-890D-2A1A9891DE4A}.Debug|Any CPU.Build.0 = Debug|Any CPU
		{E2E8BB7E-5950-4A6C-890D-2A1A9891DE4A}.Release|Any CPU.ActiveCfg = Release|Any CPU
		{E2E8BB7E-5950-4A6C-890D-2A1A9891DE4A}.Release|Any CPU.Build.0 = Release|Any CPU
	EndGlobalSection
	GlobalSection(SolutionProperties) = preSolution
		HideSolutionNode = FALSE
	EndGlobalSection
	GlobalSection(ExtensibilityGlobals) = postSolution
		SolutionGuid = {D646D64E-0AE0-4C51-A45A-DE5FFAE43CFF}
	EndGlobalSection
EndGlobal
